// !$*UTF8*$!
{
	archiveVersion = 1;
	classes = {
	};
	objectVersion = 46;
	objects = {

/* Begin PBXBuildFile section */
		5D2F944E15D3D5090065FA2D /* QuartzCore.framework in Frameworks */ = {isa = PBXBuildFile; fileRef = 5D2F944D15D3D5090065FA2D /* QuartzCore.framework */; };
		5D88856615D2C05200F38679 /* MessageUI.framework in Frameworks */ = {isa = PBXBuildFile; fileRef = 5D88856515D2C05100F38679 /* MessageUI.framework */; };
		5DA213C915BE2284007FEAFB /* UIKit.framework in Frameworks */ = {isa = PBXBuildFile; fileRef = 5DA213C815BE2284007FEAFB /* UIKit.framework */; };
		5DA213CB15BE2284007FEAFB /* Foundation.framework in Frameworks */ = {isa = PBXBuildFile; fileRef = 5DA213CA15BE2284007FEAFB /* Foundation.framework */; };
		5DA213CD15BE2284007FEAFB /* CoreGraphics.framework in Frameworks */ = {isa = PBXBuildFile; fileRef = 5DA213CC15BE2284007FEAFB /* CoreGraphics.framework */; };
		5DA213D315BE2284007FEAFB /* InfoPlist.strings in Resources */ = {isa = PBXBuildFile; fileRef = 5DA213D115BE2284007FEAFB /* InfoPlist.strings */; };
		5DA213D515BE2284007FEAFB /* main.m in Sources */ = {isa = PBXBuildFile; fileRef = 5DA213D415BE2284007FEAFB /* main.m */; };
		5DA213D915BE2284007FEAFB /* GHAppDelegate.m in Sources */ = {isa = PBXBuildFile; fileRef = 5DA213D815BE2284007FEAFB /* GHAppDelegate.m */; };
		5DA213DC15BE2284007FEAFB /* GHViewController.m in Sources */ = {isa = PBXBuildFile; fileRef = 5DA213DB15BE2284007FEAFB /* GHViewController.m */; };
		5DA213DF15BE2284007FEAFB /* GHViewController.xib in Resources */ = {isa = PBXBuildFile; fileRef = 5DA213DD15BE2284007FEAFB /* GHViewController.xib */; };
		5DA213E815BE232C007FEAFB /* Default.png in Resources */ = {isa = PBXBuildFile; fileRef = 5DA213E715BE232C007FEAFB /* Default.png */; };
		5DA213EA15BE24D7007FEAFB /* gayHaiku.plist in Resources */ = {isa = PBXBuildFile; fileRef = 5DA213E915BE24D6007FEAFB /* gayHaiku.plist */; };
/* End PBXBuildFile section */

/* Begin PBXFileReference section */
		5D2F944D15D3D5090065FA2D /* QuartzCore.framework */ = {isa = PBXFileReference; lastKnownFileType = wrapper.framework; name = QuartzCore.framework; path = System/Library/Frameworks/QuartzCore.framework; sourceTree = SDKROOT; };
		5D88856515D2C05100F38679 /* MessageUI.framework */ = {isa = PBXFileReference; lastKnownFileType = wrapper.framework; name = MessageUI.framework; path = System/Library/Frameworks/MessageUI.framework; sourceTree = SDKROOT; };
		5DA213C415BE2284007FEAFB /* GayHaiku.app */ = {isa = PBXFileReference; explicitFileType = wrapper.application; includeInIndex = 0; path = GayHaiku.app; sourceTree = BUILT_PRODUCTS_DIR; };
		5DA213C815BE2284007FEAFB /* UIKit.framework */ = {isa = PBXFileReference; lastKnownFileType = wrapper.framework; name = UIKit.framework; path = System/Library/Frameworks/UIKit.framework; sourceTree = SDKROOT; };
		5DA213CA15BE2284007FEAFB /* Foundation.framework */ = {isa = PBXFileReference; lastKnownFileType = wrapper.framework; name = Foundation.framework; path = System/Library/Frameworks/Foundation.framework; sourceTree = SDKROOT; };
		5DA213CC15BE2284007FEAFB /* CoreGraphics.framework */ = {isa = PBXFileReference; lastKnownFileType = wrapper.framework; name = CoreGraphics.framework; path = System/Library/Frameworks/CoreGraphics.framework; sourceTree = SDKROOT; };
		5DA213D015BE2284007FEAFB /* GayHaiku-Info.plist */ = {isa = PBXFileReference; lastKnownFileType = text.plist.xml; path = "GayHaiku-Info.plist"; sourceTree = "<group>"; };
		5DA213D215BE2284007FEAFB /* en */ = {isa = PBXFileReference; lastKnownFileType = text.plist.strings; name = en; path = en.lproj/InfoPlist.strings; sourceTree = "<group>"; };
		5DA213D415BE2284007FEAFB /* main.m */ = {isa = PBXFileReference; lastKnownFileType = sourcecode.c.objc; path = main.m; sourceTree = "<group>"; };
		5DA213D615BE2284007FEAFB /* GayHaiku-Prefix.pch */ = {isa = PBXFileReference; lastKnownFileType = sourcecode.c.h; path = "GayHaiku-Prefix.pch"; sourceTree = "<group>"; };
		5DA213D715BE2284007FEAFB /* GHAppDelegate.h */ = {isa = PBXFileReference; lastKnownFileType = sourcecode.c.h; path = GHAppDelegate.h; sourceTree = "<group>"; };
		5DA213D815BE2284007FEAFB /* GHAppDelegate.m */ = {isa = PBXFileReference; lastKnownFileType = sourcecode.c.objc; path = GHAppDelegate.m; sourceTree = "<group>"; };
		5DA213DA15BE2284007FEAFB /* GHViewController.h */ = {isa = PBXFileReference; lastKnownFileType = sourcecode.c.h; path = GHViewController.h; sourceTree = "<group>"; };
		5DA213DB15BE2284007FEAFB /* GHViewController.m */ = {isa = PBXFileReference; lastKnownFileType = sourcecode.c.objc; path = GHViewController.m; sourceTree = "<group>"; };
		5DA213DE15BE2284007FEAFB /* en */ = {isa = PBXFileReference; lastKnownFileType = file.xib; name = en; path = en.lproj/GHViewController.xib; sourceTree = "<group>"; };
		5DA213E715BE232C007FEAFB /* Default.png */ = {isa = PBXFileReference; lastKnownFileType = image.png; path = Default.png; sourceTree = "<group>"; };
		5DA213E915BE24D6007FEAFB /* gayHaiku.plist */ = {isa = PBXFileReference; fileEncoding = 4; lastKnownFileType = text.plist.xml; path = gayHaiku.plist; sourceTree = "<group>"; };
/* End PBXFileReference section */

/* Begin PBXFrameworksBuildPhase section */
		5DA213C115BE2284007FEAFB /* Frameworks */ = {
			isa = PBXFrameworksBuildPhase;
			buildActionMask = 2147483647;
			files = (
				5D2F944E15D3D5090065FA2D /* QuartzCore.framework in Frameworks */,
				5D88856615D2C05200F38679 /* MessageUI.framework in Frameworks */,
				5DA213C915BE2284007FEAFB /* UIKit.framework in Frameworks */,
				5DA213CB15BE2284007FEAFB /* Foundation.framework in Frameworks */,
				5DA213CD15BE2284007FEAFB /* CoreGraphics.framework in Frameworks */,
			);
			runOnlyForDeploymentPostprocessing = 0;
		};
/* End PBXFrameworksBuildPhase section */

/* Begin PBXGroup section */
		5DA213B915BE2284007FEAFB = {
			isa = PBXGroup;
			children = (
				5D2F944D15D3D5090065FA2D /* QuartzCore.framework */,
				5D88856515D2C05100F38679 /* MessageUI.framework */,
				5DA213E915BE24D6007FEAFB /* gayHaiku.plist */,
				5DA213E715BE232C007FEAFB /* Default.png */,
				5DA213CE15BE2284007FEAFB /* GayHaiku */,
				5DA213C715BE2284007FEAFB /* Frameworks */,
				5DA213C515BE2284007FEAFB /* Products */,
			);
			sourceTree = "<group>";
		};
		5DA213C515BE2284007FEAFB /* Products */ = {
			isa = PBXGroup;
			children = (
				5DA213C415BE2284007FEAFB /* GayHaiku.app */,
			);
			name = Products;
			sourceTree = "<group>";
		};
		5DA213C715BE2284007FEAFB /* Frameworks */ = {
			isa = PBXGroup;
			children = (
				5DA213C815BE2284007FEAFB /* UIKit.framework */,
				5DA213CA15BE2284007FEAFB /* Foundation.framework */,
				5DA213CC15BE2284007FEAFB /* CoreGraphics.framework */,
			);
			name = Frameworks;
			sourceTree = "<group>";
		};
		5DA213CE15BE2284007FEAFB /* GayHaiku */ = {
			isa = PBXGroup;
			children = (
				5DA213D715BE2284007FEAFB /* GHAppDelegate.h */,
				5DA213D815BE2284007FEAFB /* GHAppDelegate.m */,
				5DA213DA15BE2284007FEAFB /* GHViewController.h */,
				5DA213DB15BE2284007FEAFB /* GHViewController.m */,
				5DA213DD15BE2284007FEAFB /* GHViewController.xib */,
				5DA213CF15BE2284007FEAFB /* Supporting Files */,
			);
			path = GayHaiku;
			sourceTree = "<group>";
		};
		5DA213CF15BE2284007FEAFB /* Supporting Files */ = {
			isa = PBXGroup;
			children = (
				5DA213D015BE2284007FEAFB /* GayHaiku-Info.plist */,
				5DA213D115BE2284007FEAFB /* InfoPlist.strings */,
				5DA213D415BE2284007FEAFB /* main.m */,
				5DA213D615BE2284007FEAFB /* GayHaiku-Prefix.pch */,
			);
			name = "Supporting Files";
			sourceTree = "<group>";
		};
/* End PBXGroup section */

/* Begin PBXNativeTarget section */
		5DA213C315BE2284007FEAFB /* GayHaiku */ = {
			isa = PBXNativeTarget;
			buildConfigurationList = 5DA213E215BE2284007FEAFB /* Build configuration list for PBXNativeTarget "GayHaiku" */;
			buildPhases = (
				5DA213C015BE2284007FEAFB /* Sources */,
				5DA213C115BE2284007FEAFB /* Frameworks */,
				5DA213C215BE2284007FEAFB /* Resources */,
			);
			buildRules = (
			);
			dependencies = (
			);
			name = GayHaiku;
			productName = GayHaiku;
			productReference = 5DA213C415BE2284007FEAFB /* GayHaiku.app */;
			productType = "com.apple.product-type.application";
		};
/* End PBXNativeTarget section */

/* Begin PBXProject section */
		5DA213BB15BE2284007FEAFB /* Project object */ = {
			isa = PBXProject;
			attributes = {
				CLASSPREFIX = GH;
				LastUpgradeCheck = 0430;
				ORGANIZATIONNAME = Self;
			};
			buildConfigurationList = 5DA213BE15BE2284007FEAFB /* Build configuration list for PBXProject "GayHaiku" */;
			compatibilityVersion = "Xcode 3.2";
			developmentRegion = English;
			hasScannedForEncodings = 0;
			knownRegions = (
				en,
			);
			mainGroup = 5DA213B915BE2284007FEAFB;
			productRefGroup = 5DA213C515BE2284007FEAFB /* Products */;
			projectDirPath = "";
			projectRoot = "";
			targets = (
				5DA213C315BE2284007FEAFB /* GayHaiku */,
			);
		};
/* End PBXProject section */

/* Begin PBXResourcesBuildPhase section */
		5DA213C215BE2284007FEAFB /* Resources */ = {
			isa = PBXResourcesBuildPhase;
			buildActionMask = 2147483647;
			files = (
				5DA213D315BE2284007FEAFB /* InfoPlist.strings in Resources */,
				5DA213DF15BE2284007FEAFB /* GHViewController.xib in Resources */,
				5DA213E815BE232C007FEAFB /* Default.png in Resources */,
				5DA213EA15BE24D7007FEAFB /* gayHaiku.plist in Resources */,
			);
			runOnlyForDeploymentPostprocessing = 0;
		};
/* End PBXResourcesBuildPhase section */

/* Begin PBXSourcesBuildPhase section */
		5DA213C015BE2284007FEAFB /* Sources */ = {
			isa = PBXSourcesBuildPhase;
			buildActionMask = 2147483647;
			files = (
				5DA213D515BE2284007FEAFB /* main.m in Sources */,
				5DA213D915BE2284007FEAFB /* GHAppDelegate.m in Sources */,
				5DA213DC15BE2284007FEAFB /* GHViewController.m in Sources */,
			);
			runOnlyForDeploymentPostprocessing = 0;
		};
/* End PBXSourcesBuildPhase section */

/* Begin PBXVariantGroup section */
		5DA213D115BE2284007FEAFB /* InfoPlist.strings */ = {
			isa = PBXVariantGroup;
			children = (
				5DA213D215BE2284007FEAFB /* en */,
			);
			name = InfoPlist.strings;
			sourceTree = "<group>";
		};
		5DA213DD15BE2284007FEAFB /* GHViewController.xib */ = {
			isa = PBXVariantGroup;
			children = (
				5DA213DE15BE2284007FEAFB /* en */,
			);
			name = GHViewController.xib;
			sourceTree = "<group>";
		};
/* End PBXVariantGroup section */

/* Begin XCBuildConfiguration section */
		5DA213E015BE2284007FEAFB /* Debug */ = {
			isa = XCBuildConfiguration;
			buildSettings = {
				ALWAYS_SEARCH_USER_PATHS = NO;
				ARCHS = "$(ARCHS_STANDARD_32_BIT)";
				CLANG_ENABLE_OBJC_ARC = YES;
				"CODE_SIGN_IDENTITY[sdk=iphoneos*]" = "iPhone Developer";
				COPY_PHASE_STRIP = NO;
				GCC_C_LANGUAGE_STANDARD = gnu99;
				GCC_DYNAMIC_NO_PIC = NO;
				GCC_OPTIMIZATION_LEVEL = 0;
				GCC_PREPROCESSOR_DEFINITIONS = (
					"DEBUG=1",
					"$(inherited)",
				);
				GCC_SYMBOLS_PRIVATE_EXTERN = NO;
				GCC_VERSION = com.apple.compilers.llvm.clang.1_0;
				GCC_WARN_ABOUT_RETURN_TYPE = YES;
				GCC_WARN_UNINITIALIZED_AUTOS = YES;
				GCC_WARN_UNUSED_VARIABLE = YES;
				IPHONEOS_DEPLOYMENT_TARGET = 5.1;
				SDKROOT = iphoneos;
			};
			name = Debug;
		};
		5DA213E115BE2284007FEAFB /* Release */ = {
			isa = XCBuildConfiguration;
			buildSettings = {
				ALWAYS_SEARCH_USER_PATHS = NO;
				ARCHS = "$(ARCHS_STANDARD_32_BIT)";
				CLANG_ENABLE_OBJC_ARC = YES;
				"CODE_SIGN_IDENTITY[sdk=iphoneos*]" = "iPhone Developer";
				COPY_PHASE_STRIP = YES;
				GCC_C_LANGUAGE_STANDARD = gnu99;
				GCC_VERSION = com.apple.compilers.llvm.clang.1_0;
				GCC_WARN_ABOUT_RETURN_TYPE = YES;
				GCC_WARN_UNINITIALIZED_AUTOS = YES;
				GCC_WARN_UNUSED_VARIABLE = YES;
				IPHONEOS_DEPLOYMENT_TARGET = 5.1;
				OTHER_CFLAGS = "-DNS_BLOCK_ASSERTIONS=1";
				SDKROOT = iphoneos;
				VALIDATE_PRODUCT = YES;
			};
			name = Release;
		};
		5DA213E315BE2284007FEAFB /* Debug */ = {
			isa = XCBuildConfiguration;
			buildSettings = {
				GCC_PRECOMPILE_PREFIX_HEADER = YES;
				GCC_PREFIX_HEADER = "GayHaiku/GayHaiku-Prefix.pch";
				INFOPLIST_FILE = "GayHaiku/GayHaiku-Info.plist";
				PRODUCT_NAME = "$(TARGET_NAME)";
				WRAPPER_EXTENSION = app;
			};
			name = Debug;
		};
		5DA213E415BE2284007FEAFB /* Release */ = {
			isa = XCBuildConfiguration;
			buildSettings = {
				GCC_PRECOMPILE_PREFIX_HEADER = YES;
				GCC_PREFIX_HEADER = "GayHaiku/GayHaiku-Prefix.pch";
				INFOPLIST_FILE = "GayHaiku/GayHaiku-Info.plist";
				PRODUCT_NAME = "$(TARGET_NAME)";
				WRAPPER_EXTENSION = app;
			};
			name = Release;
		};
/* End XCBuildConfiguration section */

/* Begin XCConfigurationList section */
		5DA213BE15BE2284007FEAFB /* Build configuration list for PBXProject "GayHaiku" */ = {
			isa = XCConfigurationList;
			buildConfigurations = (
				5DA213E015BE2284007FEAFB /* Debug */,
				5DA213E115BE2284007FEAFB /* Release */,
			);
			defaultConfigurationIsVisible = 0;
			defaultConfigurationName = Release;
		};
		5DA213E215BE2284007FEAFB /* Build configuration list for PBXNativeTarget "GayHaiku" */ = {
			isa = XCConfigurationList;
			buildConfigurations = (
				5DA213E315BE2284007FEAFB /* Debug */,
				5DA213E415BE2284007FEAFB /* Release */,
			);
			defaultConfigurationIsVisible = 0;
			defaultConfigurationName = Release;
		};
/* End XCConfigurationList section */
	};
	rootObject = 5DA213BB15BE2284007FEAFB /* Project object */;
}
